// !$*UTF8*$!
{
	archiveVersion = 1;
	classes = {
	};
	objectVersion = 56;
	objects = {

/* Begin PBXBuildFile section */
		7DAC98C02DB1050800F5939E /* PokedexApp.swift in Sources */ = {isa = PBXBuildFile; fileRef = 7DAC98BF2DB1050800F5939E /* PokedexApp.swift */; };
		7DAC98C22DB1050800F5939E /* ContentView.swift in Sources */ = {isa = PBXBuildFile; fileRef = 7DAC98C12DB1050800F5939E /* ContentView.swift */; };
		7DAC98C42DB1050900F5939E /* Assets.xcassets in Resources */ = {isa = PBXBuildFile; fileRef = 7DAC98C32DB1050900F5939E /* Assets.xcassets */; };
		7DAC98C72DB1050900F5939E /* Preview Assets.xcassets in Resources */ = {isa = PBXBuildFile; fileRef = 7DAC98C62DB1050900F5939E /* Preview Assets.xcassets */; };
		7DAC98D12DB1050A00F5939E /* PokedexTests.swift in Sources */ = {isa = PBXBuildFile; fileRef = 7DAC98D02DB1050A00F5939E /* PokedexTests.swift */; };
		7DAC98DB2DB1050A00F5939E /* PokedexUITests.swift in Sources */ = {isa = PBXBuildFile; fileRef = 7DAC98DA2DB1050A00F5939E /* PokedexUITests.swift */; };
		7DAC98DD2DB1050A00F5939E /* PokedexUITestsLaunchTests.swift in Sources */ = {isa = PBXBuildFile; fileRef = 7DAC98DC2DB1050A00F5939E /* PokedexUITestsLaunchTests.swift */; };
		7DAC98ED2DB1052D00F5939E /* JsonResponse.swift in Sources */ = {isa = PBXBuildFile; fileRef = 7DAC98EC2DB1052D00F5939E /* JsonResponse.swift */; };
		7DAC98EF2DB1066B00F5939E /* PokemonGetter.swift in Sources */ = {isa = PBXBuildFile; fileRef = 7DAC98EE2DB1066B00F5939E /* PokemonGetter.swift */; };
		7DAC98F12DB1070700F5939E /* ImageLoader.swift in Sources */ = {isa = PBXBuildFile; fileRef = 7DAC98F02DB1070700F5939E /* ImageLoader.swift */; };
		7DAC98F32DB1072F00F5939E /* CellView.swift in Sources */ = {isa = PBXBuildFile; fileRef = 7DAC98F22DB1072F00F5939E /* CellView.swift */; };
		7DAC98F52DB1081F00F5939E /* DetailPokemonView.swift in Sources */ = {isa = PBXBuildFile; fileRef = 7DAC98F42DB1081F00F5939E /* DetailPokemonView.swift */; };
/* End PBXBuildFile section */

/* Begin PBXContainerItemProxy section */
		7DAC98CD2DB1050A00F5939E /* PBXContainerItemProxy */ = {
			isa = PBXContainerItemProxy;
			containerPortal = 7DAC98B42DB1050800F5939E /* Project object */;
			proxyType = 1;
			remoteGlobalIDString = 7DAC98BB2DB1050800F5939E;
			remoteInfo = Pokedex;
		};
		7DAC98D72DB1050A00F5939E /* PBXContainerItemProxy */ = {
			isa = PBXContainerItemProxy;
			containerPortal = 7DAC98B42DB1050800F5939E /* Project object */;
			proxyType = 1;
			remoteGlobalIDString = 7DAC98BB2DB1050800F5939E;
			remoteInfo = Pokedex;
		};
/* End PBXContainerItemProxy section */

/* Begin PBXFileReference section */
		7DAC98BC2DB1050800F5939E /* Pokedex.app */ = {isa = PBXFileReference; explicitFileType = wrapper.application; includeInIndex = 0; path = Pokedex.app; sourceTree = BUILT_PRODUCTS_DIR; };
		7DAC98BF2DB1050800F5939E /* PokedexApp.swift */ = {isa = PBXFileReference; lastKnownFileType = sourcecode.swift; path = PokedexApp.swift; sourceTree = "<group>"; };
		7DAC98C12DB1050800F5939E /* ContentView.swift */ = {isa = PBXFileReference; lastKnownFileType = sourcecode.swift; path = ContentView.swift; sourceTree = "<group>"; };
		7DAC98C32DB1050900F5939E /* Assets.xcassets */ = {isa = PBXFileReference; lastKnownFileType = folder.assetcatalog; path = Assets.xcassets; sourceTree = "<group>"; };
		7DAC98C62DB1050900F5939E /* Preview Assets.xcassets */ = {isa = PBXFileReference; lastKnownFileType = folder.assetcatalog; path = "Preview Assets.xcassets"; sourceTree = "<group>"; };
		7DAC98CC2DB1050A00F5939E /* PokedexTests.xctest */ = {isa = PBXFileReference; explicitFileType = wrapper.cfbundle; includeInIndex = 0; path = PokedexTests.xctest; sourceTree = BUILT_PRODUCTS_DIR; };
		7DAC98D02DB1050A00F5939E /* PokedexTests.swift */ = {isa = PBXFileReference; lastKnownFileType = sourcecode.swift; path = PokedexTests.swift; sourceTree = "<group>"; };
		7DAC98D62DB1050A00F5939E /* PokedexUITests.xctest */ = {isa = PBXFileReference; explicitFileType = wrapper.cfbundle; includeInIndex = 0; path = PokedexUITests.xctest; sourceTree = BUILT_PRODUCTS_DIR; };
		7DAC98DA2DB1050A00F5939E /* PokedexUITests.swift */ = {isa = PBXFileReference; lastKnownFileType = sourcecode.swift; path = PokedexUITests.swift; sourceTree = "<group>"; };
		7DAC98DC2DB1050A00F5939E /* PokedexUITestsLaunchTests.swift */ = {isa = PBXFileReference; lastKnownFileType = sourcecode.swift; path = PokedexUITestsLaunchTests.swift; sourceTree = "<group>"; };
		7DAC98EC2DB1052D00F5939E /* JsonResponse.swift */ = {isa = PBXFileReference; lastKnownFileType = sourcecode.swift; path = JsonResponse.swift; sourceTree = "<group>"; };
		7DAC98EE2DB1066B00F5939E /* PokemonGetter.swift */ = {isa = PBXFileReference; lastKnownFileType = sourcecode.swift; path = PokemonGetter.swift; sourceTree = "<group>"; };
		7DAC98F02DB1070700F5939E /* ImageLoader.swift */ = {isa = PBXFileReference; lastKnownFileType = sourcecode.swift; path = ImageLoader.swift; sourceTree = "<group>"; };
		7DAC98F22DB1072F00F5939E /* CellView.swift */ = {isa = PBXFileReference; lastKnownFileType = sourcecode.swift; path = CellView.swift; sourceTree = "<group>"; };
		7DAC98F42DB1081F00F5939E /* DetailPokemonView.swift */ = {isa = PBXFileReference; lastKnownFileType = sourcecode.swift; path = DetailPokemonView.swift; sourceTree = "<group>"; };
/* End PBXFileReference section */

/* Begin PBXFrameworksBuildPhase section */
		7DAC98B92DB1050800F5939E /* Frameworks */ = {
			isa = PBXFrameworksBuildPhase;
			buildActionMask = 2147483647;
			files = (
			);
			runOnlyForDeploymentPostprocessing = 0;
		};
		7DAC98C92DB1050A00F5939E /* Frameworks */ = {
			isa = PBXFrameworksBuildPhase;
			buildActionMask = 2147483647;
			files = (
			);
			runOnlyForDeploymentPostprocessing = 0;
		};
		7DAC98D32DB1050A00F5939E /* Frameworks */ = {
			isa = PBXFrameworksBuildPhase;
			buildActionMask = 2147483647;
			files = (
			);
			runOnlyForDeploymentPostprocessing = 0;
		};
/* End PBXFrameworksBuildPhase section */

/* Begin PBXGroup section */
		7DAC98B32DB1050800F5939E = {
			isa = PBXGroup;
			children = (
				7DAC98BE2DB1050800F5939E /* Pokedex */,
				7DAC98CF2DB1050A00F5939E /* PokedexTests */,
				7DAC98D92DB1050A00F5939E /* PokedexUITests */,
				7DAC98BD2DB1050800F5939E /* Products */,
			);
			sourceTree = "<group>";
		};
		7DAC98BD2DB1050800F5939E /* Products */ = {
			isa = PBXGroup;
			children = (
				7DAC98BC2DB1050800F5939E /* Pokedex.app */,
				7DAC98CC2DB1050A00F5939E /* PokedexTests.xctest */,
				7DAC98D62DB1050A00F5939E /* PokedexUITests.xctest */,
			);
			name = Products;
			sourceTree = "<group>";
		};
		7DAC98BE2DB1050800F5939E /* Pokedex */ = {
			isa = PBXGroup;
			children = (
				7DAC98EB2DB1051C00F5939E /* View */,
				7DAC98EA2DB1051700F5939E /* Service */,
				7DAC98E92DB1051000F5939E /* Model */,
				7DAC98BF2DB1050800F5939E /* PokedexApp.swift */,
				7DAC98C32DB1050900F5939E /* Assets.xcassets */,
				7DAC98C52DB1050900F5939E /* Preview Content */,
			);
			path = Pokedex;
			sourceTree = "<group>";
		};
		7DAC98C52DB1050900F5939E /* Preview Content */ = {
			isa = PBXGroup;
			children = (
				7DAC98C62DB1050900F5939E /* Preview Assets.xcassets */,
			);
			path = "Preview Content";
			sourceTree = "<group>";
		};
		7DAC98CF2DB1050A00F5939E /* PokedexTests */ = {
			isa = PBXGroup;
			children = (
				7DAC98D02DB1050A00F5939E /* PokedexTests.swift */,
			);
			path = PokedexTests;
			sourceTree = "<group>";
		};
		7DAC98D92DB1050A00F5939E /* PokedexUITests */ = {
			isa = PBXGroup;
			children = (
				7DAC98DA2DB1050A00F5939E /* PokedexUITests.swift */,
				7DAC98DC2DB1050A00F5939E /* PokedexUITestsLaunchTests.swift */,
			);
			path = PokedexUITests;
			sourceTree = "<group>";
		};
		7DAC98E92DB1051000F5939E /* Model */ = {
			isa = PBXGroup;
			children = (
				7DAC98EC2DB1052D00F5939E /* JsonResponse.swift */,
			);
			path = Model;
			sourceTree = "<group>";
		};
		7DAC98EA2DB1051700F5939E /* Service */ = {
			isa = PBXGroup;
			children = (
				7DAC98EE2DB1066B00F5939E /* PokemonGetter.swift */,
				7DAC98F02DB1070700F5939E /* ImageLoader.swift */,
			);
			path = Service;
			sourceTree = "<group>";
		};
		7DAC98EB2DB1051C00F5939E /* View */ = {
			isa = PBXGroup;
			children = (
				7DAC98C12DB1050800F5939E /* ContentView.swift */,
				7DAC98F22DB1072F00F5939E /* CellView.swift */,
				7DAC98F42DB1081F00F5939E /* DetailPokemonView.swift */,
			);
			path = View;
			sourceTree = "<group>";
		};
/* End PBXGroup section */

/* Begin PBXNativeTarget section */
		7DAC98BB2DB1050800F5939E /* Pokedex */ = {
			isa = PBXNativeTarget;
			buildConfigurationList = 7DAC98E02DB1050A00F5939E /* Build configuration list for PBXNativeTarget "Pokedex" */;
			buildPhases = (
				7DAC98B82DB1050800F5939E /* Sources */,
				7DAC98B92DB1050800F5939E /* Frameworks */,
				7DAC98BA2DB1050800F5939E /* Resources */,
			);
			buildRules = (
			);
			dependencies = (
			);
			name = Pokedex;
			productName = Pokedex;
			productReference = 7DAC98BC2DB1050800F5939E /* Pokedex.app */;
			productType = "com.apple.product-type.application";
		};
		7DAC98CB2DB1050A00F5939E /* PokedexTests */ = {
			isa = PBXNativeTarget;
			buildConfigurationList = 7DAC98E32DB1050A00F5939E /* Build configuration list for PBXNativeTarget "PokedexTests" */;
			buildPhases = (
				7DAC98C82DB1050A00F5939E /* Sources */,
				7DAC98C92DB1050A00F5939E /* Frameworks */,
				7DAC98CA2DB1050A00F5939E /* Resources */,
			);
			buildRules = (
			);
			dependencies = (
				7DAC98CE2DB1050A00F5939E /* PBXTargetDependency */,
			);
			name = PokedexTests;
			productName = PokedexTests;
			productReference = 7DAC98CC2DB1050A00F5939E /* PokedexTests.xctest */;
			productType = "com.apple.product-type.bundle.unit-test";
		};
		7DAC98D52DB1050A00F5939E /* PokedexUITests */ = {
			isa = PBXNativeTarget;
			buildConfigurationList = 7DAC98E62DB1050A00F5939E /* Build configuration list for PBXNativeTarget "PokedexUITests" */;
			buildPhases = (
				7DAC98D22DB1050A00F5939E /* Sources */,
				7DAC98D32DB1050A00F5939E /* Frameworks */,
				7DAC98D42DB1050A00F5939E /* Resources */,
			);
			buildRules = (
			);
			dependencies = (
				7DAC98D82DB1050A00F5939E /* PBXTargetDependency */,
			);
			name = PokedexUITests;
			productName = PokedexUITests;
			productReference = 7DAC98D62DB1050A00F5939E /* PokedexUITests.xctest */;
			productType = "com.apple.product-type.bundle.ui-testing";
		};
/* End PBXNativeTarget section */

/* Begin PBXProject section */
		7DAC98B42DB1050800F5939E /* Project object */ = {
			isa = PBXProject;
			attributes = {
				BuildIndependentTargetsInParallel = 1;
				LastSwiftUpdateCheck = 1530;
				LastUpgradeCheck = 1530;
				TargetAttributes = {
					7DAC98BB2DB1050800F5939E = {
						CreatedOnToolsVersion = 15.3;
					};
					7DAC98CB2DB1050A00F5939E = {
						CreatedOnToolsVersion = 15.3;
						TestTargetID = 7DAC98BB2DB1050800F5939E;
					};
					7DAC98D52DB1050A00F5939E = {
						CreatedOnToolsVersion = 15.3;
						TestTargetID = 7DAC98BB2DB1050800F5939E;
					};
				};
			};
			buildConfigurationList = 7DAC98B72DB1050800F5939E /* Build configuration list for PBXProject "Pokedex" */;
			compatibilityVersion = "Xcode 14.0";
			developmentRegion = en;
			hasScannedForEncodings = 0;
			knownRegions = (
				en,
				Base,
			);
			mainGroup = 7DAC98B32DB1050800F5939E;
			productRefGroup = 7DAC98BD2DB1050800F5939E /* Products */;
			projectDirPath = "";
			projectRoot = "";
			targets = (
				7DAC98BB2DB1050800F5939E /* Pokedex */,
				7DAC98CB2DB1050A00F5939E /* PokedexTests */,
				7DAC98D52DB1050A00F5939E /* PokedexUITests */,
			);
		};
/* End PBXProject section */

/* Begin PBXResourcesBuildPhase section */
		7DAC98BA2DB1050800F5939E /* Resources */ = {
			isa = PBXResourcesBuildPhase;
			buildActionMask = 2147483647;
			files = (
				7DAC98C72DB1050900F5939E /* Preview Assets.xcassets in Resources */,
				7DAC98C42DB1050900F5939E /* Assets.xcassets in Resources */,
			);
			runOnlyForDeploymentPostprocessing = 0;
		};
		7DAC98CA2DB1050A00F5939E /* Resources */ = {
			isa = PBXResourcesBuildPhase;
			buildActionMask = 2147483647;
			files = (
			);
			runOnlyForDeploymentPostprocessing = 0;
		};
		7DAC98D42DB1050A00F5939E /* Resources */ = {
			isa = PBXResourcesBuildPhase;
			buildActionMask = 2147483647;
			files = (
			);
			runOnlyForDeploymentPostprocessing = 0;
		};
/* End PBXResourcesBuildPhase section */

/* Begin PBXSourcesBuildPhase section */
		7DAC98B82DB1050800F5939E /* Sources */ = {
			isa = PBXSourcesBuildPhase;
			buildActionMask = 2147483647;
			files = (
				7DAC98F52DB1081F00F5939E /* DetailPokemonView.swift in Sources */,
				7DAC98ED2DB1052D00F5939E /* JsonResponse.swift in Sources */,
				7DAC98C22DB1050800F5939E /* ContentView.swift in Sources */,
				7DAC98F32DB1072F00F5939E /* CellView.swift in Sources */,
				7DAC98F12DB1070700F5939E /* ImageLoader.swift in Sources */,
				7DAC98EF2DB1066B00F5939E /* PokemonGetter.swift in Sources */,
				7DAC98C02DB1050800F5939E /* PokedexApp.swift in Sources */,
			);
			runOnlyForDeploymentPostprocessing = 0;
		};
		7DAC98C82DB1050A00F5939E /* Sources */ = {
			isa = PBXSourcesBuildPhase;
			buildActionMask = 2147483647;
			files = (
				7DAC98D12DB1050A00F5939E /* PokedexTests.swift in Sources */,
			);
			runOnlyForDeploymentPostprocessing = 0;
		};
		7DAC98D22DB1050A00F5939E /* Sources */ = {
			isa = PBXSourcesBuildPhase;
			buildActionMask = 2147483647;
			files = (
				7DAC98DB2DB1050A00F5939E /* PokedexUITests.swift in Sources */,
				7DAC98DD2DB1050A00F5939E /* PokedexUITestsLaunchTests.swift in Sources */,
			);
			runOnlyForDeploymentPostprocessing = 0;
		};
/* End PBXSourcesBuildPhase section */

/* Begin PBXTargetDependency section */
		7DAC98CE2DB1050A00F5939E /* PBXTargetDependency */ = {
			isa = PBXTargetDependency;
			target = 7DAC98BB2DB1050800F5939E /* Pokedex */;
			targetProxy = 7DAC98CD2DB1050A00F5939E /* PBXContainerItemProxy */;
		};
		7DAC98D82DB1050A00F5939E /* PBXTargetDependency */ = {
			isa = PBXTargetDependency;
			target = 7DAC98BB2DB1050800F5939E /* Pokedex */;
			targetProxy = 7DAC98D72DB1050A00F5939E /* PBXContainerItemProxy */;
		};
/* End PBXTargetDependency section */

/* Begin XCBuildConfiguration section */
		7DAC98DE2DB1050A00F5939E /* Debug */ = {
			isa = XCBuildConfiguration;
			buildSettings = {
				ALWAYS_SEARCH_USER_PATHS = NO;
				ASSETCATALOG_COMPILER_GENERATE_SWIFT_ASSET_SYMBOL_EXTENSIONS = YES;
				CLANG_ANALYZER_NONNULL = YES;
				CLANG_ANALYZER_NUMBER_OBJECT_CONVERSION = YES_AGGRESSIVE;
				CLANG_CXX_LANGUAGE_STANDARD = "gnu++20";
				CLANG_ENABLE_MODULES = YES;
				CLANG_ENABLE_OBJC_ARC = YES;
				CLANG_ENABLE_OBJC_WEAK = YES;
				CLANG_WARN_BLOCK_CAPTURE_AUTORELEASING = YES;
				CLANG_WARN_BOOL_CONVERSION = YES;
				CLANG_WARN_COMMA = YES;
				CLANG_WARN_CONSTANT_CONVERSION = YES;
				CLANG_WARN_DEPRECATED_OBJC_IMPLEMENTATIONS = YES;
				CLANG_WARN_DIRECT_OBJC_ISA_USAGE = YES_ERROR;
				CLANG_WARN_DOCUMENTATION_COMMENTS = YES;
				CLANG_WARN_EMPTY_BODY = YES;
				CLANG_WARN_ENUM_CONVERSION = YES;
				CLANG_WARN_INFINITE_RECURSION = YES;
				CLANG_WARN_INT_CONVERSION = YES;
				CLANG_WARN_NON_LITERAL_NULL_CONVERSION = YES;
				CLANG_WARN_OBJC_IMPLICIT_RETAIN_SELF = YES;
				CLANG_WARN_OBJC_LITERAL_CONVERSION = YES;
				CLANG_WARN_OBJC_ROOT_CLASS = YES_ERROR;
				CLANG_WARN_QUOTED_INCLUDE_IN_FRAMEWORK_HEADER = YES;
				CLANG_WARN_RANGE_LOOP_ANALYSIS = YES;
				CLANG_WARN_STRICT_PROTOTYPES = YES;
				CLANG_WARN_SUSPICIOUS_MOVE = YES;
				CLANG_WARN_UNGUARDED_AVAILABILITY = YES_AGGRESSIVE;
				CLANG_WARN_UNREACHABLE_CODE = YES;
				CLANG_WARN__DUPLICATE_METHOD_MATCH = YES;
				COPY_PHASE_STRIP = NO;
				DEBUG_INFORMATION_FORMAT = dwarf;
				ENABLE_STRICT_OBJC_MSGSEND = YES;
				ENABLE_TESTABILITY = YES;
				ENABLE_USER_SCRIPT_SANDBOXING = YES;
				GCC_C_LANGUAGE_STANDARD = gnu17;
				GCC_DYNAMIC_NO_PIC = NO;
				GCC_NO_COMMON_BLOCKS = YES;
				GCC_OPTIMIZATION_LEVEL = 0;
				GCC_PREPROCESSOR_DEFINITIONS = (
					"DEBUG=1",
					"$(inherited)",
				);
				GCC_WARN_64_TO_32_BIT_CONVERSION = YES;
				GCC_WARN_ABOUT_RETURN_TYPE = YES_ERROR;
				GCC_WARN_UNDECLARED_SELECTOR = YES;
				GCC_WARN_UNINITIALIZED_AUTOS = YES_AGGRESSIVE;
				GCC_WARN_UNUSED_FUNCTION = YES;
				GCC_WARN_UNUSED_VARIABLE = YES;
				IPHONEOS_DEPLOYMENT_TARGET = 17.4;
				LOCALIZATION_PREFERS_STRING_CATALOGS = YES;
				MTL_ENABLE_DEBUG_INFO = INCLUDE_SOURCE;
				MTL_FAST_MATH = YES;
				ONLY_ACTIVE_ARCH = YES;
				SDKROOT = iphoneos;
				SWIFT_ACTIVE_COMPILATION_CONDITIONS = "DEBUG $(inherited)";
				SWIFT_OPTIMIZATION_LEVEL = "-Onone";
			};
			name = Debug;
		};
		7DAC98DF2DB1050A00F5939E /* Release */ = {
			isa = XCBuildConfiguration;
			buildSettings = {
				ALWAYS_SEARCH_USER_PATHS = NO;
				ASSETCATALOG_COMPILER_GENERATE_SWIFT_ASSET_SYMBOL_EXTENSIONS = YES;
				CLANG_ANALYZER_NONNULL = YES;
				CLANG_ANALYZER_NUMBER_OBJECT_CONVERSION = YES_AGGRESSIVE;
				CLANG_CXX_LANGUAGE_STANDARD = "gnu++20";
				CLANG_ENABLE_MODULES = YES;
				CLANG_ENABLE_OBJC_ARC = YES;
				CLANG_ENABLE_OBJC_WEAK = YES;
				CLANG_WARN_BLOCK_CAPTURE_AUTORELEASING = YES;
				CLANG_WARN_BOOL_CONVERSION = YES;
				CLANG_WARN_COMMA = YES;
				CLANG_WARN_CONSTANT_CONVERSION = YES;
				CLANG_WARN_DEPRECATED_OBJC_IMPLEMENTATIONS = YES;
				CLANG_WARN_DIRECT_OBJC_ISA_USAGE = YES_ERROR;
				CLANG_WARN_DOCUMENTATION_COMMENTS = YES;
				CLANG_WARN_EMPTY_BODY = YES;
				CLANG_WARN_ENUM_CONVERSION = YES;
				CLANG_WARN_INFINITE_RECURSION = YES;
				CLANG_WARN_INT_CONVERSION = YES;
				CLANG_WARN_NON_LITERAL_NULL_CONVERSION = YES;
				CLANG_WARN_OBJC_IMPLICIT_RETAIN_SELF = YES;
				CLANG_WARN_OBJC_LITERAL_CONVERSION = YES;
				CLANG_WARN_OBJC_ROOT_CLASS = YES_ERROR;
				CLANG_WARN_QUOTED_INCLUDE_IN_FRAMEWORK_HEADER = YES;
				CLANG_WARN_RANGE_LOOP_ANALYSIS = YES;
				CLANG_WARN_STRICT_PROTOTYPES = YES;
				CLANG_WARN_SUSPICIOUS_MOVE = YES;
				CLANG_WARN_UNGUARDED_AVAILABILITY = YES_AGGRESSIVE;
				CLANG_WARN_UNREACHABLE_CODE = YES;
				CLANG_WARN__DUPLICATE_METHOD_MATCH = YES;
				COPY_PHASE_STRIP = NO;
				DEBUG_INFORMATION_FORMAT = "dwarf-with-dsym";
				ENABLE_NS_ASSERTIONS = NO;
				ENABLE_STRICT_OBJC_MSGSEND = YES;
				ENABLE_USER_SCRIPT_SANDBOXING = YES;
				GCC_C_LANGUAGE_STANDARD = gnu17;
				GCC_NO_COMMON_BLOCKS = YES;
				GCC_WARN_64_TO_32_BIT_CONVERSION = YES;
				GCC_WARN_ABOUT_RETURN_TYPE = YES_ERROR;
				GCC_WARN_UNDECLARED_SELECTOR = YES;
				GCC_WARN_UNINITIALIZED_AUTOS = YES_AGGRESSIVE;
				GCC_WARN_UNUSED_FUNCTION = YES;
				GCC_WARN_UNUSED_VARIABLE = YES;
				IPHONEOS_DEPLOYMENT_TARGET = 17.4;
				LOCALIZATION_PREFERS_STRING_CATALOGS = YES;
				MTL_ENABLE_DEBUG_INFO = NO;
				MTL_FAST_MATH = YES;
				SDKROOT = iphoneos;
				SWIFT_COMPILATION_MODE = wholemodule;
				VALIDATE_PRODUCT = YES;
			};
			name = Release;
		};
		7DAC98E12DB1050A00F5939E /* Debug */ = {
			isa = XCBuildConfiguration;
			buildSettings = {
				ASSETCATALOG_COMPILER_APPICON_NAME = AppIcon;
				ASSETCATALOG_COMPILER_GLOBAL_ACCENT_COLOR_NAME = AccentColor;
				CODE_SIGN_STYLE = Automatic;
				CURRENT_PROJECT_VERSION = 1;
				DEVELOPMENT_ASSET_PATHS = "\"Pokedex/Preview Content\"";
				ENABLE_PREVIEWS = YES;
				GENERATE_INFOPLIST_FILE = YES;
				INFOPLIST_KEY_UIApplicationSceneManifest_Generation = YES;
				INFOPLIST_KEY_UIApplicationSupportsIndirectInputEvents = YES;
				INFOPLIST_KEY_UILaunchScreen_Generation = YES;
				INFOPLIST_KEY_UISupportedInterfaceOrientations_iPad = "UIInterfaceOrientationPortrait UIInterfaceOrientationPortraitUpsideDown UIInterfaceOrientationLandscapeLeft UIInterfaceOrientationLandscapeRight";
				INFOPLIST_KEY_UISupportedInterfaceOrientations_iPhone = "UIInterfaceOrientationPortrait UIInterfaceOrientationLandscapeLeft UIInterfaceOrientationLandscapeRight";
				LD_RUNPATH_SEARCH_PATHS = (
					"$(inherited)",
					"@executable_path/Frameworks",
				);
				MARKETING_VERSION = 1.0;
				PRODUCT_BUNDLE_IDENTIFIER = com.cfa.Pokedex;
				PRODUCT_NAME = "$(TARGET_NAME)";
				SWIFT_EMIT_LOC_STRINGS = YES;
				SWIFT_VERSION = 5.0;
				TARGETED_DEVICE_FAMILY = "1,2";
			};
			name = Debug;
		};
		7DAC98E22DB1050A00F5939E /* Release */ = {
			isa = XCBuildConfiguration;
			buildSettings = {
				ASSETCATALOG_COMPILER_APPICON_NAME = AppIcon;
				ASSETCATALOG_COMPILER_GLOBAL_ACCENT_COLOR_NAME = AccentColor;
				CODE_SIGN_STYLE = Automatic;
				CURRENT_PROJECT_VERSION = 1;
				DEVELOPMENT_ASSET_PATHS = "\"Pokedex/Preview Content\"";
				ENABLE_PREVIEWS = YES;
				GENERATE_INFOPLIST_FILE = YES;
				INFOPLIST_KEY_UIApplicationSceneManifest_Generation = YES;
				INFOPLIST_KEY_UIApplicationSupportsIndirectInputEvents = YES;
				INFOPLIST_KEY_UILaunchScreen_Generation = YES;
				INFOPLIST_KEY_UISupportedInterfaceOrientations_iPad = "UIInterfaceOrientationPortrait UIInterfaceOrientationPortraitUpsideDown UIInterfaceOrientationLandscapeLeft UIInterfaceOrientationLandscapeRight";
				INFOPLIST_KEY_UISupportedInterfaceOrientations_iPhone = "UIInterfaceOrientationPortrait UIInterfaceOrientationLandscapeLeft UIInterfaceOrientationLandscapeRight";
				LD_RUNPATH_SEARCH_PATHS = (
					"$(inherited)",
					"@executable_path/Frameworks",
				);
				MARKETING_VERSION = 1.0;
				PRODUCT_BUNDLE_IDENTIFIER = com.cfa.Pokedex;
				PRODUCT_NAME = "$(TARGET_NAME)";
				SWIFT_EMIT_LOC_STRINGS = YES;
				SWIFT_VERSION = 5.0;
				TARGETED_DEVICE_FAMILY = "1,2";
			};
			name = Release;
		};
		7DAC98E42DB1050A00F5939E /* Debug */ = {
			isa = XCBuildConfiguration;
			buildSettings = {
				ALWAYS_EMBED_SWIFT_STANDARD_LIBRARIES = YES;
				BUNDLE_LOADER = "$(TEST_HOST)";
				CODE_SIGN_STYLE = Automatic;
				CURRENT_PROJECT_VERSION = 1;
				GENERATE_INFOPLIST_FILE = YES;
				IPHONEOS_DEPLOYMENT_TARGET = 17.4;
				MARKETING_VERSION = 1.0;
				PRODUCT_BUNDLE_IDENTIFIER = com.cfa.PokedexTests;
				PRODUCT_NAME = "$(TARGET_NAME)";
				SWIFT_EMIT_LOC_STRINGS = NO;
				SWIFT_VERSION = 5.0;
				TARGETED_DEVICE_FAMILY = "1,2";
				TEST_HOST = "$(BUILT_PRODUCTS_DIR)/Pokedex.app/$(BUNDLE_EXECUTABLE_FOLDER_PATH)/Pokedex";
			};
			name = Debug;
		};
		7DAC98E52DB1050A00F5939E /* Release */ = {
			isa = XCBuildConfiguration;
			buildSettings = {
				ALWAYS_EMBED_SWIFT_STANDARD_LIBRARIES = YES;
				BUNDLE_LOADER = "$(TEST_HOST)";
				CODE_SIGN_STYLE = Automatic;
				CURRENT_PROJECT_VERSION = 1;
				GENERATE_INFOPLIST_FILE = YES;
				IPHONEOS_DEPLOYMENT_TARGET = 17.4;
				MARKETING_VERSION = 1.0;
				PRODUCT_BUNDLE_IDENTIFIER = com.cfa.PokedexTests;
				PRODUCT_NAME = "$(TARGET_NAME)";
				SWIFT_EMIT_LOC_STRINGS = NO;
				SWIFT_VERSION = 5.0;
				TARGETED_DEVICE_FAMILY = "1,2";
				TEST_HOST = "$(BUILT_PRODUCTS_DIR)/Pokedex.app/$(BUNDLE_EXECUTABLE_FOLDER_PATH)/Pokedex";
			};
			name = Release;
		};
		7DAC98E72DB1050A00F5939E /* Debug */ = {
			isa = XCBuildConfiguration;
			buildSettings = {
				ALWAYS_EMBED_SWIFT_STANDARD_LIBRARIES = YES;
				CODE_SIGN_STYLE = Automatic;
				CURRENT_PROJECT_VERSION = 1;
				GENERATE_INFOPLIST_FILE = YES;
				MARKETING_VERSION = 1.0;
				PRODUCT_BUNDLE_IDENTIFIER = com.cfa.PokedexUITests;
				PRODUCT_NAME = "$(TARGET_NAME)";
				SWIFT_EMIT_LOC_STRINGS = NO;
				SWIFT_VERSION = 5.0;
				TARGETED_DEVICE_FAMILY = "1,2";
				TEST_TARGET_NAME = Pokedex;
			};
			name = Debug;
		};
		7DAC98E82DB1050A00F5939E /* Release */ = {
			isa = XCBuildConfiguration;
			buildSettings = {
				ALWAYS_EMBED_SWIFT_STANDARD_LIBRARIES = YES;
				CODE_SIGN_STYLE = Automatic;
				CURRENT_PROJECT_VERSION = 1;
				GENERATE_INFOPLIST_FILE = YES;
				MARKETING_VERSION = 1.0;
				PRODUCT_BUNDLE_IDENTIFIER = com.cfa.PokedexUITests;
				PRODUCT_NAME = "$(TARGET_NAME)";
				SWIFT_EMIT_LOC_STRINGS = NO;
				SWIFT_VERSION = 5.0;
				TARGETED_DEVICE_FAMILY = "1,2";
				TEST_TARGET_NAME = Pokedex;
			};
			name = Release;
		};
/* End XCBuildConfiguration section */

/* Begin XCConfigurationList section */
		7DAC98B72DB1050800F5939E /* Build configuration list for PBXProject "Pokedex" */ = {
			isa = XCConfigurationList;
			buildConfigurations = (
				7DAC98DE2DB1050A00F5939E /* Debug */,
				7DAC98DF2DB1050A00F5939E /* Release */,
			);
			defaultConfigurationIsVisible = 0;
			defaultConfigurationName = Release;
		};
		7DAC98E02DB1050A00F5939E /* Build configuration list for PBXNativeTarget "Pokedex" */ = {
			isa = XCConfigurationList;
			buildConfigurations = (
				7DAC98E12DB1050A00F5939E /* Debug */,
				7DAC98E22DB1050A00F5939E /* Release */,
			);
			defaultConfigurationIsVisible = 0;
			defaultConfigurationName = Release;
		};
		7DAC98E32DB1050A00F5939E /* Build configuration list for PBXNativeTarget "PokedexTests" */ = {
			isa = XCConfigurationList;
			buildConfigurations = (
				7DAC98E42DB1050A00F5939E /* Debug */,
				7DAC98E52DB1050A00F5939E /* Release */,
			);
			defaultConfigurationIsVisible = 0;
			defaultConfigurationName = Release;
		};
		7DAC98E62DB1050A00F5939E /* Build configuration list for PBXNativeTarget "PokedexUITests" */ = {
			isa = XCConfigurationList;
			buildConfigurations = (
				7DAC98E72DB1050A00F5939E /* Debug */,
				7DAC98E82DB1050A00F5939E /* Release */,
			);
			defaultConfigurationIsVisible = 0;
			defaultConfigurationName = Release;
		};
/* End XCConfigurationList section */
	};
	rootObject = 7DAC98B42DB1050800F5939E /* Project object */;
}
